PODS:
  - NVActivityIndicatorView (4.2.1):
    - NVActivityIndicatorView/Presenter (= 4.2.1)
  - NVActivityIndicatorView/Presenter (4.2.1)
  - ReachabilitySwift (4.1.0)

DEPENDENCIES:
  - NVActivityIndicatorView
  - ReachabilitySwift

SPEC REPOS:
  https://github.com/CocoaPods/Specs.git:
    - NVActivityIndicatorView
    - ReachabilitySwift

SPEC CHECKSUMS:
  NVActivityIndicatorView: 8068ba3ad39cb44cbaab25d89ff2546b3f092681
  ReachabilitySwift: 6849231cd4e06559f3b9ef4a97a0a0f96d41e09f

PODFILE CHECKSUM: ec2d50858dcc932f306b7d0a6fe6466bcedbca6a

COCOAPODS: 1.5.0
