// !$*UTF8*$!
{
	archiveVersion = 1;
	classes = {
	};
	objectVersion = 50;
	objects = {

/* Begin PBXBuildFile section */
		6FD76030215A09D800B67378 /* AppDelegate.swift in Sources */ = {isa = PBXBuildFile; fileRef = 6FD7602F215A09D800B67378 /* AppDelegate.swift */; };
		6FD76032215A09D800B67378 /* ViewController.swift in Sources */ = {isa = PBXBuildFile; fileRef = 6FD76031215A09D800B67378 /* ViewController.swift */; };
		6FD76035215A09D800B67378 /* Main.storyboard in Resources */ = {isa = PBXBuildFile; fileRef = 6FD76033215A09D800B67378 /* Main.storyboard */; };
		6FD76038215A09D900B67378 /* TheRadioApp.xcdatamodeld in Sources */ = {isa = PBXBuildFile; fileRef = 6FD76036215A09D900B67378 /* TheRadioApp.xcdatamodeld */; };
		6FD7603A215A0A1F00B67378 /* Assets.xcassets in Resources */ = {isa = PBXBuildFile; fileRef = 6FD76039215A0A1F00B67378 /* Assets.xcassets */; };
		6FD7603D215A0A1F00B67378 /* LaunchScreen.storyboard in Resources */ = {isa = PBXBuildFile; fileRef = 6FD7603B215A0A1F00B67378 /* LaunchScreen.storyboard */; };
		6FD76048215A0A2200B67378 /* TheRadioAppTests.swift in Sources */ = {isa = PBXBuildFile; fileRef = 6FD76047215A0A2200B67378 /* TheRadioAppTests.swift */; };
		6FD76053215A0A2200B67378 /* TheRadioAppUITests.swift in Sources */ = {isa = PBXBuildFile; fileRef = 6FD76052215A0A2200B67378 /* TheRadioAppUITests.swift */; };
/* End PBXBuildFile section */

/* Begin PBXContainerItemProxy section */
		6FD76044215A0A2200B67378 /* PBXContainerItemProxy */ = {
			isa = PBXContainerItemProxy;
			containerPortal = 6FD76024215A09D700B67378 /* Project object */;
			proxyType = 1;
			remoteGlobalIDString = 6FD7602B215A09D800B67378;
			remoteInfo = TheRadioApp;
		};
		6FD7604F215A0A2200B67378 /* PBXContainerItemProxy */ = {
			isa = PBXContainerItemProxy;
			containerPortal = 6FD76024215A09D700B67378 /* Project object */;
			proxyType = 1;
			remoteGlobalIDString = 6FD7602B215A09D800B67378;
			remoteInfo = TheRadioApp;
		};
/* End PBXContainerItemProxy section */

/* Begin PBXFileReference section */
		6FD7602C215A09D800B67378 /* TheRadioApp.app */ = {isa = PBXFileReference; explicitFileType = wrapper.application; includeInIndex = 0; path = TheRadioApp.app; sourceTree = BUILT_PRODUCTS_DIR; };
		6FD7602F215A09D800B67378 /* AppDelegate.swift */ = {isa = PBXFileReference; lastKnownFileType = sourcecode.swift; path = AppDelegate.swift; sourceTree = "<group>"; };
		6FD76031215A09D800B67378 /* ViewController.swift */ = {isa = PBXFileReference; lastKnownFileType = sourcecode.swift; path = ViewController.swift; sourceTree = "<group>"; };
		6FD76034215A09D800B67378 /* Base */ = {isa = PBXFileReference; lastKnownFileType = file.storyboard; name = Base; path = Base.lproj/Main.storyboard; sourceTree = "<group>"; };
		6FD76037215A09D900B67378 /* TheRadioApp.xcdatamodel */ = {isa = PBXFileReference; lastKnownFileType = wrapper.xcdatamodel; path = TheRadioApp.xcdatamodel; sourceTree = "<group>"; };
		6FD76039215A0A1F00B67378 /* Assets.xcassets */ = {isa = PBXFileReference; lastKnownFileType = folder.assetcatalog; path = Assets.xcassets; sourceTree = "<group>"; };
		6FD7603C215A0A1F00B67378 /* Base */ = {isa = PBXFileReference; lastKnownFileType = file.storyboard; name = Base; path = Base.lproj/LaunchScreen.storyboard; sourceTree = "<group>"; };
		6FD7603E215A0A1F00B67378 /* Info.plist */ = {isa = PBXFileReference; lastKnownFileType = text.plist.xml; path = Info.plist; sourceTree = "<group>"; };
		6FD76043215A0A2200B67378 /* TheRadioAppTests.xctest */ = {isa = PBXFileReference; explicitFileType = wrapper.cfbundle; includeInIndex = 0; path = TheRadioAppTests.xctest; sourceTree = BUILT_PRODUCTS_DIR; };
		6FD76047215A0A2200B67378 /* TheRadioAppTests.swift */ = {isa = PBXFileReference; lastKnownFileType = sourcecode.swift; path = TheRadioAppTests.swift; sourceTree = "<group>"; };
		6FD76049215A0A2200B67378 /* Info.plist */ = {isa = PBXFileReference; lastKnownFileType = text.plist.xml; path = Info.plist; sourceTree = "<group>"; };
		6FD7604E215A0A2200B67378 /* TheRadioAppUITests.xctest */ = {isa = PBXFileReference; explicitFileType = wrapper.cfbundle; includeInIndex = 0; path = TheRadioAppUITests.xctest; sourceTree = BUILT_PRODUCTS_DIR; };
		6FD76052215A0A2200B67378 /* TheRadioAppUITests.swift */ = {isa = PBXFileReference; lastKnownFileType = sourcecode.swift; path = TheRadioAppUITests.swift; sourceTree = "<group>"; };
		6FD76054215A0A2200B67378 /* Info.plist */ = {isa = PBXFileReference; lastKnownFileType = text.plist.xml; path = Info.plist; sourceTree = "<group>"; };
/* End PBXFileReference section */

/* Begin PBXFrameworksBuildPhase section */
		6FD76029215A09D800B67378 /* Frameworks */ = {
			isa = PBXFrameworksBuildPhase;
			buildActionMask = 2147483647;
			files = (
			);
			runOnlyForDeploymentPostprocessing = 0;
		};
		6FD76040215A0A2200B67378 /* Frameworks */ = {
			isa = PBXFrameworksBuildPhase;
			buildActionMask = 2147483647;
			files = (
			);
			runOnlyForDeploymentPostprocessing = 0;
		};
		6FD7604B215A0A2200B67378 /* Frameworks */ = {
			isa = PBXFrameworksBuildPhase;
			buildActionMask = 2147483647;
			files = (
			);
			runOnlyForDeploymentPostprocessing = 0;
		};
/* End PBXFrameworksBuildPhase section */

/* Begin PBXGroup section */
		6FD76023215A09D700B67378 = {
			isa = PBXGroup;
			children = (
				6FD7602E215A09D800B67378 /* TheRadioApp */,
				6FD76046215A0A2200B67378 /* TheRadioAppTests */,
				6FD76051215A0A2200B67378 /* TheRadioAppUITests */,
				6FD7602D215A09D800B67378 /* Products */,
			);
			sourceTree = "<group>";
		};
		6FD7602D215A09D800B67378 /* Products */ = {
			isa = PBXGroup;
			children = (
				6FD7602C215A09D800B67378 /* TheRadioApp.app */,
				6FD76043215A0A2200B67378 /* TheRadioAppTests.xctest */,
				6FD7604E215A0A2200B67378 /* TheRadioAppUITests.xctest */,
			);
			name = Products;
			sourceTree = "<group>";
		};
		6FD7602E215A09D800B67378 /* TheRadioApp */ = {
			isa = PBXGroup;
			children = (
				6FD7602F215A09D800B67378 /* AppDelegate.swift */,
				6FD76031215A09D800B67378 /* ViewController.swift */,
				6FD76033215A09D800B67378 /* Main.storyboard */,
				6FD76039215A0A1F00B67378 /* Assets.xcassets */,
				6FD7603B215A0A1F00B67378 /* LaunchScreen.storyboard */,
				6FD7603E215A0A1F00B67378 /* Info.plist */,
				6FD76036215A09D900B67378 /* TheRadioApp.xcdatamodeld */,
			);
			path = TheRadioApp;
			sourceTree = "<group>";
		};
		6FD76046215A0A2200B67378 /* TheRadioAppTests */ = {
			isa = PBXGroup;
			children = (
				6FD76047215A0A2200B67378 /* TheRadioAppTests.swift */,
				6FD76049215A0A2200B67378 /* Info.plist */,
			);
			path = TheRadioAppTests;
			sourceTree = "<group>";
		};
		6FD76051215A0A2200B67378 /* TheRadioAppUITests */ = {
			isa = PBXGroup;
			children = (
				6FD76052215A0A2200B67378 /* TheRadioAppUITests.swift */,
				6FD76054215A0A2200B67378 /* Info.plist */,
			);
			path = TheRadioAppUITests;
			sourceTree = "<group>";
		};
/* End PBXGroup section */

/* Begin PBXNativeTarget section */
		6FD7602B215A09D800B67378 /* TheRadioApp */ = {
			isa = PBXNativeTarget;
			buildConfigurationList = 6FD76057215A0A2200B67378 /* Build configuration list for PBXNativeTarget "TheRadioApp" */;
			buildPhases = (
				6FD76028215A09D800B67378 /* Sources */,
				6FD76029215A09D800B67378 /* Frameworks */,
				6FD7602A215A09D800B67378 /* Resources */,
			);
			buildRules = (
			);
			dependencies = (
			);
			name = TheRadioApp;
			productName = TheRadioApp;
			productReference = 6FD7602C215A09D800B67378 /* TheRadioApp.app */;
			productType = "com.apple.product-type.application";
		};
		6FD76042215A0A2200B67378 /* TheRadioAppTests */ = {
			isa = PBXNativeTarget;
			buildConfigurationList = 6FD7605A215A0A2200B67378 /* Build configuration list for PBXNativeTarget "TheRadioAppTests" */;
			buildPhases = (
				6FD7603F215A0A2200B67378 /* Sources */,
				6FD76040215A0A2200B67378 /* Frameworks */,
				6FD76041215A0A2200B67378 /* Resources */,
			);
			buildRules = (
			);
			dependencies = (
				6FD76045215A0A2200B67378 /* PBXTargetDependency */,
			);
			name = TheRadioAppTests;
			productName = TheRadioAppTests;
			productReference = 6FD76043215A0A2200B67378 /* TheRadioAppTests.xctest */;
			productType = "com.apple.product-type.bundle.unit-test";
		};
		6FD7604D215A0A2200B67378 /* TheRadioAppUITests */ = {
			isa = PBXNativeTarget;
			buildConfigurationList = 6FD7605D215A0A2200B67378 /* Build configuration list for PBXNativeTarget "TheRadioAppUITests" */;
			buildPhases = (
				6FD7604A215A0A2200B67378 /* Sources */,
				6FD7604B215A0A2200B67378 /* Frameworks */,
				6FD7604C215A0A2200B67378 /* Resources */,
			);
			buildRules = (
			);
			dependencies = (
				6FD76050215A0A2200B67378 /* PBXTargetDependency */,
			);
			name = TheRadioAppUITests;
			productName = TheRadioAppUITests;
			productReference = 6FD7604E215A0A2200B67378 /* TheRadioAppUITests.xctest */;
			productType = "com.apple.product-type.bundle.ui-testing";
		};
/* End PBXNativeTarget section */

/* Begin PBXProject section */
		6FD76024215A09D700B67378 /* Project object */ = {
			isa = PBXProject;
			attributes = {
				LastSwiftUpdateCheck = 1000;
				LastUpgradeCheck = 1000;
				ORGANIZATIONNAME = TechTonic;
				TargetAttributes = {
					6FD7602B215A09D800B67378 = {
						CreatedOnToolsVersion = 10.0;
					};
					6FD76042215A0A2200B67378 = {
						CreatedOnToolsVersion = 10.0;
						TestTargetID = 6FD7602B215A09D800B67378;
					};
					6FD7604D215A0A2200B67378 = {
						CreatedOnToolsVersion = 10.0;
						TestTargetID = 6FD7602B215A09D800B67378;
					};
				};
			};
			buildConfigurationList = 6FD76027215A09D700B67378 /* Build configuration list for PBXProject "TheRadioApp" */;
			compatibilityVersion = "Xcode 9.3";
			developmentRegion = en;
			hasScannedForEncodings = 0;
			knownRegions = (
				en,
				Base,
			);
			mainGroup = 6FD76023215A09D700B67378;
			productRefGroup = 6FD7602D215A09D800B67378 /* Products */;
			projectDirPath = "";
			projectRoot = "";
			targets = (
				6FD7602B215A09D800B67378 /* TheRadioApp */,
				6FD76042215A0A2200B67378 /* TheRadioAppTests */,
				6FD7604D215A0A2200B67378 /* TheRadioAppUITests */,
			);
		};
/* End PBXProject section */

/* Begin PBXResourcesBuildPhase section */
		6FD7602A215A09D800B67378 /* Resources */ = {
			isa = PBXResourcesBuildPhase;
			buildActionMask = 2147483647;
			files = (
				6FD7603D215A0A1F00B67378 /* LaunchScreen.storyboard in Resources */,
				6FD7603A215A0A1F00B67378 /* Assets.xcassets in Resources */,
				6FD76035215A09D800B67378 /* Main.storyboard in Resources */,
			);
			runOnlyForDeploymentPostprocessing = 0;
		};
		6FD76041215A0A2200B67378 /* Resources */ = {
			isa = PBXResourcesBuildPhase;
			buildActionMask = 2147483647;
			files = (
			);
			runOnlyForDeploymentPostprocessing = 0;
		};
		6FD7604C215A0A2200B67378 /* Resources */ = {
			isa = PBXResourcesBuildPhase;
			buildActionMask = 2147483647;
			files = (
			);
			runOnlyForDeploymentPostprocessing = 0;
		};
/* End PBXResourcesBuildPhase section */

/* Begin PBXSourcesBuildPhase section */
		6FD76028215A09D800B67378 /* Sources */ = {
			isa = PBXSourcesBuildPhase;
			buildActionMask = 2147483647;
			files = (
				6FD76038215A09D900B67378 /* TheRadioApp.xcdatamodeld in Sources */,
				6FD76032215A09D800B67378 /* ViewController.swift in Sources */,
				6FD76030215A09D800B67378 /* AppDelegate.swift in Sources */,
			);
			runOnlyForDeploymentPostprocessing = 0;
		};
		6FD7603F215A0A2200B67378 /* Sources */ = {
			isa = PBXSourcesBuildPhase;
			buildActionMask = 2147483647;
			files = (
				6FD76048215A0A2200B67378 /* TheRadioAppTests.swift in Sources */,
			);
			runOnlyForDeploymentPostprocessing = 0;
		};
		6FD7604A215A0A2200B67378 /* Sources */ = {
			isa = PBXSourcesBuildPhase;
			buildActionMask = 2147483647;
			files = (
				6FD76053215A0A2200B67378 /* TheRadioAppUITests.swift in Sources */,
			);
			runOnlyForDeploymentPostprocessing = 0;
		};
/* End PBXSourcesBuildPhase section */

/* Begin PBXTargetDependency section */
		6FD76045215A0A2200B67378 /* PBXTargetDependency */ = {
			isa = PBXTargetDependency;
			target = 6FD7602B215A09D800B67378 /* TheRadioApp */;
			targetProxy = 6FD76044215A0A2200B67378 /* PBXContainerItemProxy */;
		};
		6FD76050215A0A2200B67378 /* PBXTargetDependency */ = {
			isa = PBXTargetDependency;
			target = 6FD7602B215A09D800B67378 /* TheRadioApp */;
			targetProxy = 6FD7604F215A0A2200B67378 /* PBXContainerItemProxy */;
		};
/* End PBXTargetDependency section */

/* Begin PBXVariantGroup section */
		6FD76033215A09D800B67378 /* Main.storyboard */ = {
			isa = PBXVariantGroup;
			children = (
				6FD76034215A09D800B67378 /* Base */,
			);
			name = Main.storyboard;
			sourceTree = "<group>";
		};
		6FD7603B215A0A1F00B67378 /* LaunchScreen.storyboard */ = {
			isa = PBXVariantGroup;
			children = (
				6FD7603C215A0A1F00B67378 /* Base */,
			);
			name = LaunchScreen.storyboard;
			sourceTree = "<group>";
		};
/* End PBXVariantGroup section */

/* Begin XCBuildConfiguration section */
		6FD76055215A0A2200B67378 /* Debug */ = {
			isa = XCBuildConfiguration;
			buildSettings = {
				ALWAYS_SEARCH_USER_PATHS = NO;
				CLANG_ANALYZER_NONNULL = YES;
				CLANG_ANALYZER_NUMBER_OBJECT_CONVERSION = YES_AGGRESSIVE;
				CLANG_CXX_LANGUAGE_STANDARD = "gnu++14";
				CLANG_CXX_LIBRARY = "libc++";
				CLANG_ENABLE_MODULES = YES;
				CLANG_ENABLE_OBJC_ARC = YES;
				CLANG_ENABLE_OBJC_WEAK = YES;
				CLANG_WARN_BLOCK_CAPTURE_AUTORELEASING = YES;
				CLANG_WARN_BOOL_CONVERSION = YES;
				CLANG_WARN_COMMA = YES;
				CLANG_WARN_CONSTANT_CONVERSION = YES;
				CLANG_WARN_DEPRECATED_OBJC_IMPLEMENTATIONS = YES;
				CLANG_WARN_DIRECT_OBJC_ISA_USAGE = YES_ERROR;
				CLANG_WARN_DOCUMENTATION_COMMENTS = YES;
				CLANG_WARN_EMPTY_BODY = YES;
				CLANG_WARN_ENUM_CONVERSION = YES;
				CLANG_WARN_INFINITE_RECURSION = YES;
				CLANG_WARN_INT_CONVERSION = YES;
				CLANG_WARN_NON_LITERAL_NULL_CONVERSION = YES;
				CLANG_WARN_OBJC_IMPLICIT_RETAIN_SELF = YES;
				CLANG_WARN_OBJC_LITERAL_CONVERSION = YES;
				CLANG_WARN_OBJC_ROOT_CLASS = YES_ERROR;
				CLANG_WARN_RANGE_LOOP_ANALYSIS = YES;
				CLANG_WARN_STRICT_PROTOTYPES = YES;
				CLANG_WARN_SUSPICIOUS_MOVE = YES;
				CLANG_WARN_UNGUARDED_AVAILABILITY = YES_AGGRESSIVE;
				CLANG_WARN_UNREACHABLE_CODE = YES;
				CLANG_WARN__DUPLICATE_METHOD_MATCH = YES;
				CODE_SIGN_IDENTITY = "iPhone Developer";
				COPY_PHASE_STRIP = NO;
				DEBUG_INFORMATION_FORMAT = dwarf;
				ENABLE_STRICT_OBJC_MSGSEND = YES;
				ENABLE_TESTABILITY = YES;
				GCC_C_LANGUAGE_STANDARD = gnu11;
				GCC_DYNAMIC_NO_PIC = NO;
				GCC_NO_COMMON_BLOCKS = YES;
				GCC_OPTIMIZATION_LEVEL = 0;
				GCC_PREPROCESSOR_DEFINITIONS = (
					"DEBUG=1",
					"$(inherited)",
				);
				GCC_WARN_64_TO_32_BIT_CONVERSION = YES;
				GCC_WARN_ABOUT_RETURN_TYPE = YES_ERROR;
				GCC_WARN_UNDECLARED_SELECTOR = YES;
				GCC_WARN_UNINITIALIZED_AUTOS = YES_AGGRESSIVE;
				GCC_WARN_UNUSED_FUNCTION = YES;
				GCC_WARN_UNUSED_VARIABLE = YES;
				IPHONEOS_DEPLOYMENT_TARGET = 12.0;
				MTL_ENABLE_DEBUG_INFO = INCLUDE_SOURCE;
				MTL_FAST_MATH = YES;
				ONLY_ACTIVE_ARCH = YES;
				SDKROOT = iphoneos;
				SWIFT_ACTIVE_COMPILATION_CONDITIONS = DEBUG;
				SWIFT_OPTIMIZATION_LEVEL = "-Onone";
			};
			name = Debug;
		};
		6FD76056215A0A2200B67378 /* Release */ = {
			isa = XCBuildConfiguration;
			buildSettings = {
				ALWAYS_SEARCH_USER_PATHS = NO;
				CLANG_ANALYZER_NONNULL = YES;
				CLANG_ANALYZER_NUMBER_OBJECT_CONVERSION = YES_AGGRESSIVE;
				CLANG_CXX_LANGUAGE_STANDARD = "gnu++14";
				CLANG_CXX_LIBRARY = "libc++";
				CLANG_ENABLE_MODULES = YES;
				CLANG_ENABLE_OBJC_ARC = YES;
				CLANG_ENABLE_OBJC_WEAK = YES;
				CLANG_WARN_BLOCK_CAPTURE_AUTORELEASING = YES;
				CLANG_WARN_BOOL_CONVERSION = YES;
				CLANG_WARN_COMMA = YES;
				CLANG_WARN_CONSTANT_CONVERSION = YES;
				CLANG_WARN_DEPRECATED_OBJC_IMPLEMENTATIONS = YES;
				CLANG_WARN_DIRECT_OBJC_ISA_USAGE = YES_ERROR;
				CLANG_WARN_DOCUMENTATION_COMMENTS = YES;
				CLANG_WARN_EMPTY_BODY = YES;
				CLANG_WARN_ENUM_CONVERSION = YES;
				CLANG_WARN_INFINITE_RECURSION = YES;
				CLANG_WARN_INT_CONVERSION = YES;
				CLANG_WARN_NON_LITERAL_NULL_CONVERSION = YES;
				CLANG_WARN_OBJC_IMPLICIT_RETAIN_SELF = YES;
				CLANG_WARN_OBJC_LITERAL_CONVERSION = YES;
				CLANG_WARN_OBJC_ROOT_CLASS = YES_ERROR;
				CLANG_WARN_RANGE_LOOP_ANALYSIS = YES;
				CLANG_WARN_STRICT_PROTOTYPES = YES;
				CLANG_WARN_SUSPICIOUS_MOVE = YES;
				CLANG_WARN_UNGUARDED_AVAILABILITY = YES_AGGRESSIVE;
				CLANG_WARN_UNREACHABLE_CODE = YES;
				CLANG_WARN__DUPLICATE_METHOD_MATCH = YES;
				CODE_SIGN_IDENTITY = "iPhone Developer";
				COPY_PHASE_STRIP = NO;
				DEBUG_INFORMATION_FORMAT = "dwarf-with-dsym";
				ENABLE_NS_ASSERTIONS = NO;
				ENABLE_STRICT_OBJC_MSGSEND = YES;
				GCC_C_LANGUAGE_STANDARD = gnu11;
				GCC_NO_COMMON_BLOCKS = YES;
				GCC_WARN_64_TO_32_BIT_CONVERSION = YES;
				GCC_WARN_ABOUT_RETURN_TYPE = YES_ERROR;
				GCC_WARN_UNDECLARED_SELECTOR = YES;
				GCC_WARN_UNINITIALIZED_AUTOS = YES_AGGRESSIVE;
				GCC_WARN_UNUSED_FUNCTION = YES;
				GCC_WARN_UNUSED_VARIABLE = YES;
				IPHONEOS_DEPLOYMENT_TARGET = 12.0;
				MTL_ENABLE_DEBUG_INFO = NO;
				MTL_FAST_MATH = YES;
				SDKROOT = iphoneos;
				SWIFT_COMPILATION_MODE = wholemodule;
				SWIFT_OPTIMIZATION_LEVEL = "-O";
				VALIDATE_PRODUCT = YES;
			};
			name = Release;
		};
		6FD76058215A0A2200B67378 /* Debug */ = {
			isa = XCBuildConfiguration;
			buildSettings = {
				ASSETCATALOG_COMPILER_APPICON_NAME = AppIcon;
				CODE_SIGN_STYLE = Automatic;
				DEVELOPMENT_TEAM = RDRMVW96A6;
				INFOPLIST_FILE = TheRadioApp/Info.plist;
				LD_RUNPATH_SEARCH_PATHS = (
					"$(inherited)",
					"@executable_path/Frameworks",
				);
				PRODUCT_BUNDLE_IDENTIFIER = com.TechTonic.TheRadioApp;
				PRODUCT_NAME = "$(TARGET_NAME)";
				SWIFT_VERSION = 4.2;
				TARGETED_DEVICE_FAMILY = "1,2";
			};
			name = Debug;
		};
		6FD76059215A0A2200B67378 /* Release */ = {
			isa = XCBuildConfiguration;
			buildSettings = {
				ASSETCATALOG_COMPILER_APPICON_NAME = AppIcon;
				CODE_SIGN_STYLE = Automatic;
				DEVELOPMENT_TEAM = RDRMVW96A6;
				INFOPLIST_FILE = TheRadioApp/Info.plist;
				LD_RUNPATH_SEARCH_PATHS = (
					"$(inherited)",
					"@executable_path/Frameworks",
				);
				PRODUCT_BUNDLE_IDENTIFIER = com.TechTonic.TheRadioApp;
				PRODUCT_NAME = "$(TARGET_NAME)";
				SWIFT_VERSION = 4.2;
				TARGETED_DEVICE_FAMILY = "1,2";
			};
			name = Release;
		};
		6FD7605B215A0A2200B67378 /* Debug */ = {
			isa = XCBuildConfiguration;
			buildSettings = {
				ALWAYS_EMBED_SWIFT_STANDARD_LIBRARIES = YES;
				BUNDLE_LOADER = "$(TEST_HOST)";
				CODE_SIGN_STYLE = Automatic;
				DEVELOPMENT_TEAM = RDRMVW96A6;
				INFOPLIST_FILE = TheRadioAppTests/Info.plist;
				LD_RUNPATH_SEARCH_PATHS = (
					"$(inherited)",
					"@executable_path/Frameworks",
					"@loader_path/Frameworks",
				);
				PRODUCT_BUNDLE_IDENTIFIER = com.TechTonic.TheRadioAppTests;
				PRODUCT_NAME = "$(TARGET_NAME)";
				SWIFT_VERSION = 4.2;
				TARGETED_DEVICE_FAMILY = "1,2";
				TEST_HOST = "$(BUILT_PRODUCTS_DIR)/TheRadioApp.app/TheRadioApp";
			};
			name = Debug;
		};
		6FD7605C215A0A2200B67378 /* Release */ = {
			isa = XCBuildConfiguration;
			buildSettings = {
				ALWAYS_EMBED_SWIFT_STANDARD_LIBRARIES = YES;
				BUNDLE_LOADER = "$(TEST_HOST)";
				CODE_SIGN_STYLE = Automatic;
				DEVELOPMENT_TEAM = RDRMVW96A6;
				INFOPLIST_FILE = TheRadioAppTests/Info.plist;
				LD_RUNPATH_SEARCH_PATHS = (
					"$(inherited)",
					"@executable_path/Frameworks",
					"@loader_path/Frameworks",
				);
				PRODUCT_BUNDLE_IDENTIFIER = com.TechTonic.TheRadioAppTests;
				PRODUCT_NAME = "$(TARGET_NAME)";
				SWIFT_VERSION = 4.2;
				TARGETED_DEVICE_FAMILY = "1,2";
				TEST_HOST = "$(BUILT_PRODUCTS_DIR)/TheRadioApp.app/TheRadioApp";
			};
			name = Release;
		};
		6FD7605E215A0A2200B67378 /* Debug */ = {
			isa = XCBuildConfiguration;
			buildSettings = {
				ALWAYS_EMBED_SWIFT_STANDARD_LIBRARIES = YES;
				CODE_SIGN_STYLE = Automatic;
				DEVELOPMENT_TEAM = RDRMVW96A6;
				INFOPLIST_FILE = TheRadioAppUITests/Info.plist;
				LD_RUNPATH_SEARCH_PATHS = (
					"$(inherited)",
					"@executable_path/Frameworks",
					"@loader_path/Frameworks",
				);
				PRODUCT_BUNDLE_IDENTIFIER = com.TechTonic.TheRadioAppUITests;
				PRODUCT_NAME = "$(TARGET_NAME)";
				SWIFT_VERSION = 4.2;
				TARGETED_DEVICE_FAMILY = "1,2";
				TEST_TARGET_NAME = TheRadioApp;
			};
			name = Debug;
		};
		6FD7605F215A0A2200B67378 /* Release */ = {
			isa = XCBuildConfiguration;
			buildSettings = {
				ALWAYS_EMBED_SWIFT_STANDARD_LIBRARIES = YES;
				CODE_SIGN_STYLE = Automatic;
				DEVELOPMENT_TEAM = RDRMVW96A6;
				INFOPLIST_FILE = TheRadioAppUITests/Info.plist;
				LD_RUNPATH_SEARCH_PATHS = (
					"$(inherited)",
					"@executable_path/Frameworks",
					"@loader_path/Frameworks",
				);
				PRODUCT_BUNDLE_IDENTIFIER = com.TechTonic.TheRadioAppUITests;
				PRODUCT_NAME = "$(TARGET_NAME)";
				SWIFT_VERSION = 4.2;
				TARGETED_DEVICE_FAMILY = "1,2";
				TEST_TARGET_NAME = TheRadioApp;
			};
			name = Release;
		};
/* End XCBuildConfiguration section */

/* Begin XCConfigurationList section */
		6FD76027215A09D700B67378 /* Build configuration list for PBXProject "TheRadioApp" */ = {
			isa = XCConfigurationList;
			buildConfigurations = (
				6FD76055215A0A2200B67378 /* Debug */,
				6FD76056215A0A2200B67378 /* Release */,
			);
			defaultConfigurationIsVisible = 0;
			defaultConfigurationName = Release;
		};
		6FD76057215A0A2200B67378 /* Build configuration list for PBXNativeTarget "TheRadioApp" */ = {
			isa = XCConfigurationList;
			buildConfigurations = (
				6FD76058215A0A2200B67378 /* Debug */,
				6FD76059215A0A2200B67378 /* Release */,
			);
			defaultConfigurationIsVisible = 0;
			defaultConfigurationName = Release;
		};
		6FD7605A215A0A2200B67378 /* Build configuration list for PBXNativeTarget "TheRadioAppTests" */ = {
			isa = XCConfigurationList;
			buildConfigurations = (
				6FD7605B215A0A2200B67378 /* Debug */,
				6FD7605C215A0A2200B67378 /* Release */,
			);
			defaultConfigurationIsVisible = 0;
			defaultConfigurationName = Release;
		};
		6FD7605D215A0A2200B67378 /* Build configuration list for PBXNativeTarget "TheRadioAppUITests" */ = {
			isa = XCConfigurationList;
			buildConfigurations = (
				6FD7605E215A0A2200B67378 /* Debug */,
				6FD7605F215A0A2200B67378 /* Release */,
			);
			defaultConfigurationIsVisible = 0;
			defaultConfigurationName = Release;
		};
/* End XCConfigurationList section */

/* Begin XCVersionGroup section */
		6FD76036215A09D900B67378 /* TheRadioApp.xcdatamodeld */ = {
			isa = XCVersionGroup;
			children = (
				6FD76037215A09D900B67378 /* TheRadioApp.xcdatamodel */,
			);
			currentVersion = 6FD76037215A09D900B67378 /* TheRadioApp.xcdatamodel */;
			path = TheRadioApp.xcdatamodeld;
			sourceTree = "<group>";
			versionGroupType = wrapper.xcdatamodel;
		};
/* End XCVersionGroup section */
	};
	rootObject = 6FD76024215A09D700B67378 /* Project object */;
}
