// !$*UTF8*$!
{
	archiveVersion = 1;
	classes = {
	};
	objectVersion = 50;
	objects = {

/* Begin PBXBuildFile section */
		5A13A9DC215A7FE40077CC37 /* HomeFn.swift in Sources */ = {isa = PBXBuildFile; fileRef = 5A13A9DB215A7FE40077CC37 /* HomeFn.swift */; };
		5A13A9DE215A92C20077CC37 /* AnimationFrames.swift in Sources */ = {isa = PBXBuildFile; fileRef = 5A13A9DD215A92C10077CC37 /* AnimationFrames.swift */; };
		5A19290E21611F4C00E8BD8F /* InternetConnectiviy.swift in Sources */ = {isa = PBXBuildFile; fileRef = 5A19290D21611F4C00E8BD8F /* InternetConnectiviy.swift */; };
		5A192910216121FE00E8BD8F /* AlertClass.swift in Sources */ = {isa = PBXBuildFile; fileRef = 5A19290F216121FE00E8BD8F /* AlertClass.swift */; };
		5A1929142161310100E8BD8F /* Reachability.framework in Frameworks */ = {isa = PBXBuildFile; fileRef = 5A1929132161310100E8BD8F /* Reachability.framework */; };
		5A2920B4215D24E60071E024 /* NVActivityIndicatorView.framework in Frameworks */ = {isa = PBXBuildFile; fileRef = 5A2920B3215D24E60071E024 /* NVActivityIndicatorView.framework */; };
		5A2920B8215D32280071E024 /* JazzListViewController.swift in Sources */ = {isa = PBXBuildFile; fileRef = 5A2920B7215D32280071E024 /* JazzListViewController.swift */; };
		5A2920BB215D37120071E024 /* JazzList.plist in Resources */ = {isa = PBXBuildFile; fileRef = 5A2920BA215D37120071E024 /* JazzList.plist */; };
		5A2920BD215D38E20071E024 /* JazzListTableViewCell.swift in Sources */ = {isa = PBXBuildFile; fileRef = 5A2920BC215D38E20071E024 /* JazzListTableViewCell.swift */; };
		6FD76030215A09D800B67378 /* AppDelegate.swift in Sources */ = {isa = PBXBuildFile; fileRef = 6FD7602F215A09D800B67378 /* AppDelegate.swift */; };
		6FD76032215A09D800B67378 /* HomeViewController.swift in Sources */ = {isa = PBXBuildFile; fileRef = 6FD76031215A09D800B67378 /* HomeViewController.swift */; };
		6FD76035215A09D800B67378 /* Main.storyboard in Resources */ = {isa = PBXBuildFile; fileRef = 6FD76033215A09D800B67378 /* Main.storyboard */; };
		6FD76038215A09D900B67378 /* TheRadioApp.xcdatamodeld in Sources */ = {isa = PBXBuildFile; fileRef = 6FD76036215A09D900B67378 /* TheRadioApp.xcdatamodeld */; };
		6FD7603A215A0A1F00B67378 /* Assets.xcassets in Resources */ = {isa = PBXBuildFile; fileRef = 6FD76039215A0A1F00B67378 /* Assets.xcassets */; };
		6FD7603D215A0A1F00B67378 /* LaunchScreen.storyboard in Resources */ = {isa = PBXBuildFile; fileRef = 6FD7603B215A0A1F00B67378 /* LaunchScreen.storyboard */; };
		6FD76048215A0A2200B67378 /* TheRadioAppTests.swift in Sources */ = {isa = PBXBuildFile; fileRef = 6FD76047215A0A2200B67378 /* TheRadioAppTests.swift */; };
		6FD76053215A0A2200B67378 /* TheRadioAppUITests.swift in Sources */ = {isa = PBXBuildFile; fileRef = 6FD76052215A0A2200B67378 /* TheRadioAppUITests.swift */; };
		AA76E624A2BA01A24540378D /* Pods_JazzRadioUITests.framework in Frameworks */ = {isa = PBXBuildFile; fileRef = 1AA22AF4119ED8C72E16BD44 /* Pods_JazzRadioUITests.framework */; };
		B85641B1691F46B3021BCD47 /* Pods_JazzRadioTests.framework in Frameworks */ = {isa = PBXBuildFile; fileRef = 7B99C922BDDB065F360B2D83 /* Pods_JazzRadioTests.framework */; };
		C7CF227718271B0ADF1DC600 /* Pods_JazzRadio.framework in Frameworks */ = {isa = PBXBuildFile; fileRef = D2111D422BDA0B7AE7158DED /* Pods_JazzRadio.framework */; };
/* End PBXBuildFile section */

/* Begin PBXContainerItemProxy section */
		6FD76044215A0A2200B67378 /* PBXContainerItemProxy */ = {
			isa = PBXContainerItemProxy;
			containerPortal = 6FD76024215A09D700B67378 /* Project object */;
			proxyType = 1;
			remoteGlobalIDString = 6FD7602B215A09D800B67378;
			remoteInfo = TheRadioApp;
		};
		6FD7604F215A0A2200B67378 /* PBXContainerItemProxy */ = {
			isa = PBXContainerItemProxy;
			containerPortal = 6FD76024215A09D700B67378 /* Project object */;
			proxyType = 1;
			remoteGlobalIDString = 6FD7602B215A09D800B67378;
			remoteInfo = TheRadioApp;
		};
/* End PBXContainerItemProxy section */

/* Begin PBXFileReference section */
		1AA22AF4119ED8C72E16BD44 /* Pods_JazzRadioUITests.framework */ = {isa = PBXFileReference; explicitFileType = wrapper.framework; includeInIndex = 0; path = Pods_JazzRadioUITests.framework; sourceTree = BUILT_PRODUCTS_DIR; };
		2E7A8BDDF8B0F0588F23505C /* Pods-JazzRadioUITests.debug.xcconfig */ = {isa = PBXFileReference; includeInIndex = 1; lastKnownFileType = text.xcconfig; name = "Pods-JazzRadioUITests.debug.xcconfig"; path = "Pods/Target Support Files/Pods-JazzRadioUITests/Pods-JazzRadioUITests.debug.xcconfig"; sourceTree = "<group>"; };
		5A13A9DB215A7FE40077CC37 /* HomeFn.swift */ = {isa = PBXFileReference; lastKnownFileType = sourcecode.swift; path = HomeFn.swift; sourceTree = "<group>"; };
		5A13A9DD215A92C10077CC37 /* AnimationFrames.swift */ = {isa = PBXFileReference; fileEncoding = 4; lastKnownFileType = sourcecode.swift; path = AnimationFrames.swift; sourceTree = "<group>"; };
		5A19290B21611EF200E8BD8F /* ReachabilityLib.framework */ = {isa = PBXFileReference; explicitFileType = wrapper.framework; path = ReachabilityLib.framework; sourceTree = BUILT_PRODUCTS_DIR; };
		5A19290D21611F4C00E8BD8F /* InternetConnectiviy.swift */ = {isa = PBXFileReference; fileEncoding = 4; lastKnownFileType = sourcecode.swift; path = InternetConnectiviy.swift; sourceTree = "<group>"; };
		5A19290F216121FE00E8BD8F /* AlertClass.swift */ = {isa = PBXFileReference; fileEncoding = 4; lastKnownFileType = sourcecode.swift; path = AlertClass.swift; sourceTree = "<group>"; };
		5A19291121612B7500E8BD8F /* NotificationBannerSwift.framework */ = {isa = PBXFileReference; explicitFileType = wrapper.framework; path = NotificationBannerSwift.framework; sourceTree = BUILT_PRODUCTS_DIR; };
		5A1929132161310100E8BD8F /* Reachability.framework */ = {isa = PBXFileReference; explicitFileType = wrapper.framework; path = Reachability.framework; sourceTree = BUILT_PRODUCTS_DIR; };
		5A2920B3215D24E60071E024 /* NVActivityIndicatorView.framework */ = {isa = PBXFileReference; explicitFileType = wrapper.framework; path = NVActivityIndicatorView.framework; sourceTree = BUILT_PRODUCTS_DIR; };
		5A2920B7215D32280071E024 /* JazzListViewController.swift */ = {isa = PBXFileReference; lastKnownFileType = sourcecode.swift; path = JazzListViewController.swift; sourceTree = "<group>"; };
		5A2920BA215D37120071E024 /* JazzList.plist */ = {isa = PBXFileReference; lastKnownFileType = text.plist.xml; path = JazzList.plist; sourceTree = "<group>"; };
		5A2920BC215D38E20071E024 /* JazzListTableViewCell.swift */ = {isa = PBXFileReference; lastKnownFileType = sourcecode.swift; path = JazzListTableViewCell.swift; sourceTree = "<group>"; };
		6FD7602C215A09D800B67378 /* JazzRadio.app */ = {isa = PBXFileReference; explicitFileType = wrapper.application; includeInIndex = 0; path = JazzRadio.app; sourceTree = BUILT_PRODUCTS_DIR; };
		6FD7602F215A09D800B67378 /* AppDelegate.swift */ = {isa = PBXFileReference; lastKnownFileType = sourcecode.swift; path = AppDelegate.swift; sourceTree = "<group>"; };
		6FD76031215A09D800B67378 /* HomeViewController.swift */ = {isa = PBXFileReference; lastKnownFileType = sourcecode.swift; path = HomeViewController.swift; sourceTree = "<group>"; };
		6FD76034215A09D800B67378 /* Base */ = {isa = PBXFileReference; lastKnownFileType = file.storyboard; name = Base; path = Base.lproj/Main.storyboard; sourceTree = "<group>"; };
		6FD76037215A09D900B67378 /* TheRadioApp.xcdatamodel */ = {isa = PBXFileReference; lastKnownFileType = wrapper.xcdatamodel; path = TheRadioApp.xcdatamodel; sourceTree = "<group>"; };
		6FD76039215A0A1F00B67378 /* Assets.xcassets */ = {isa = PBXFileReference; lastKnownFileType = folder.assetcatalog; path = Assets.xcassets; sourceTree = "<group>"; };
		6FD7603C215A0A1F00B67378 /* Base */ = {isa = PBXFileReference; lastKnownFileType = file.storyboard; name = Base; path = Base.lproj/LaunchScreen.storyboard; sourceTree = "<group>"; };
		6FD7603E215A0A1F00B67378 /* Info.plist */ = {isa = PBXFileReference; lastKnownFileType = text.plist.xml; path = Info.plist; sourceTree = "<group>"; };
		6FD76043215A0A2200B67378 /* JazzRadioTests.xctest */ = {isa = PBXFileReference; explicitFileType = wrapper.cfbundle; includeInIndex = 0; path = JazzRadioTests.xctest; sourceTree = BUILT_PRODUCTS_DIR; };
		6FD76047215A0A2200B67378 /* TheRadioAppTests.swift */ = {isa = PBXFileReference; lastKnownFileType = sourcecode.swift; path = TheRadioAppTests.swift; sourceTree = "<group>"; };
		6FD76049215A0A2200B67378 /* Info.plist */ = {isa = PBXFileReference; lastKnownFileType = text.plist.xml; path = Info.plist; sourceTree = "<group>"; };
		6FD7604E215A0A2200B67378 /* JazzRadioUITests.xctest */ = {isa = PBXFileReference; explicitFileType = wrapper.cfbundle; includeInIndex = 0; path = JazzRadioUITests.xctest; sourceTree = BUILT_PRODUCTS_DIR; };
		6FD76052215A0A2200B67378 /* TheRadioAppUITests.swift */ = {isa = PBXFileReference; lastKnownFileType = sourcecode.swift; path = TheRadioAppUITests.swift; sourceTree = "<group>"; };
		6FD76054215A0A2200B67378 /* Info.plist */ = {isa = PBXFileReference; lastKnownFileType = text.plist.xml; path = Info.plist; sourceTree = "<group>"; };
		7B99C922BDDB065F360B2D83 /* Pods_JazzRadioTests.framework */ = {isa = PBXFileReference; explicitFileType = wrapper.framework; includeInIndex = 0; path = Pods_JazzRadioTests.framework; sourceTree = BUILT_PRODUCTS_DIR; };
		814B84BA47A2F24EC4289723 /* Pods-JazzRadio.debug.xcconfig */ = {isa = PBXFileReference; includeInIndex = 1; lastKnownFileType = text.xcconfig; name = "Pods-JazzRadio.debug.xcconfig"; path = "Pods/Target Support Files/Pods-JazzRadio/Pods-JazzRadio.debug.xcconfig"; sourceTree = "<group>"; };
		9595D69CD53FB1810A1B27DC /* Pods-JazzRadioTests.release.xcconfig */ = {isa = PBXFileReference; includeInIndex = 1; lastKnownFileType = text.xcconfig; name = "Pods-JazzRadioTests.release.xcconfig"; path = "Pods/Target Support Files/Pods-JazzRadioTests/Pods-JazzRadioTests.release.xcconfig"; sourceTree = "<group>"; };
		9C7777A2DB5676C835325CE8 /* Pods-JazzRadioTests.debug.xcconfig */ = {isa = PBXFileReference; includeInIndex = 1; lastKnownFileType = text.xcconfig; name = "Pods-JazzRadioTests.debug.xcconfig"; path = "Pods/Target Support Files/Pods-JazzRadioTests/Pods-JazzRadioTests.debug.xcconfig"; sourceTree = "<group>"; };
		A32D8422FE682B9ED0E5D515 /* Pods-JazzRadioUITests.release.xcconfig */ = {isa = PBXFileReference; includeInIndex = 1; lastKnownFileType = text.xcconfig; name = "Pods-JazzRadioUITests.release.xcconfig"; path = "Pods/Target Support Files/Pods-JazzRadioUITests/Pods-JazzRadioUITests.release.xcconfig"; sourceTree = "<group>"; };
		CE86739F25C7E614FE675726 /* Pods-JazzRadio.release.xcconfig */ = {isa = PBXFileReference; includeInIndex = 1; lastKnownFileType = text.xcconfig; name = "Pods-JazzRadio.release.xcconfig"; path = "Pods/Target Support Files/Pods-JazzRadio/Pods-JazzRadio.release.xcconfig"; sourceTree = "<group>"; };
		D2111D422BDA0B7AE7158DED /* Pods_JazzRadio.framework */ = {isa = PBXFileReference; explicitFileType = wrapper.framework; includeInIndex = 0; path = Pods_JazzRadio.framework; sourceTree = BUILT_PRODUCTS_DIR; };
/* End PBXFileReference section */

/* Begin PBXFrameworksBuildPhase section */
		6FD76029215A09D800B67378 /* Frameworks */ = {
			isa = PBXFrameworksBuildPhase;
			buildActionMask = 2147483647;
			files = (
				5A1929142161310100E8BD8F /* Reachability.framework in Frameworks */,
				5A2920B4215D24E60071E024 /* NVActivityIndicatorView.framework in Frameworks */,
				C7CF227718271B0ADF1DC600 /* Pods_JazzRadio.framework in Frameworks */,
			);
			runOnlyForDeploymentPostprocessing = 0;
		};
		6FD76040215A0A2200B67378 /* Frameworks */ = {
			isa = PBXFrameworksBuildPhase;
			buildActionMask = 2147483647;
			files = (
				B85641B1691F46B3021BCD47 /* Pods_JazzRadioTests.framework in Frameworks */,
			);
			runOnlyForDeploymentPostprocessing = 0;
		};
		6FD7604B215A0A2200B67378 /* Frameworks */ = {
			isa = PBXFrameworksBuildPhase;
			buildActionMask = 2147483647;
			files = (
				AA76E624A2BA01A24540378D /* Pods_JazzRadioUITests.framework in Frameworks */,
			);
			runOnlyForDeploymentPostprocessing = 0;
		};
/* End PBXFrameworksBuildPhase section */

/* Begin PBXGroup section */
		5A13A9D7215A7B450077CC37 /* Controller */ = {
			isa = PBXGroup;
			children = (
				6FD76031215A09D800B67378 /* HomeViewController.swift */,
				5A2920B7215D32280071E024 /* JazzListViewController.swift */,
				5A2920BC215D38E20071E024 /* JazzListTableViewCell.swift */,
				5A2920BA215D37120071E024 /* JazzList.plist */,
			);
			path = Controller;
			sourceTree = "<group>";
		};
		5A13A9D8215A7F620077CC37 /* View */ = {
			isa = PBXGroup;
			children = (
				6FD76033215A09D800B67378 /* Main.storyboard */,
			);
			path = View;
			sourceTree = "<group>";
		};
		5A13A9D9215A7F670077CC37 /* Model */ = {
			isa = PBXGroup;
			children = (
			);
			path = Model;
			sourceTree = "<group>";
		};
		5A13A9DA215A7F710077CC37 /* Functions */ = {
			isa = PBXGroup;
			children = (
				5A13A9DD215A92C10077CC37 /* AnimationFrames.swift */,
				5A13A9DB215A7FE40077CC37 /* HomeFn.swift */,
			);
			path = Functions;
			sourceTree = "<group>";
		};
		6FD76023215A09D700B67378 = {
			isa = PBXGroup;
			children = (
				6FD7602E215A09D800B67378 /* TheRadioApp */,
				6FD76046215A0A2200B67378 /* TheRadioAppTests */,
				6FD76051215A0A2200B67378 /* TheRadioAppUITests */,
				6FD7602D215A09D800B67378 /* Products */,
				7DEF729B284A5657FA2B74FB /* Pods */,
				DBFA9786FCC622989E81B74D /* Frameworks */,
			);
			sourceTree = "<group>";
		};
		6FD7602D215A09D800B67378 /* Products */ = {
			isa = PBXGroup;
			children = (
				6FD7602C215A09D800B67378 /* JazzRadio.app */,
				6FD76043215A0A2200B67378 /* JazzRadioTests.xctest */,
				6FD7604E215A0A2200B67378 /* JazzRadioUITests.xctest */,
			);
			name = Products;
			sourceTree = "<group>";
		};
		6FD7602E215A09D800B67378 /* TheRadioApp */ = {
			isa = PBXGroup;
			children = (
				6FD7602F215A09D800B67378 /* AppDelegate.swift */,
				5A19290D21611F4C00E8BD8F /* InternetConnectiviy.swift */,
				5A19290F216121FE00E8BD8F /* AlertClass.swift */,
				5A13A9DA215A7F710077CC37 /* Functions */,
				5A13A9D9215A7F670077CC37 /* Model */,
				5A13A9D8215A7F620077CC37 /* View */,
				5A13A9D7215A7B450077CC37 /* Controller */,
				6FD76039215A0A1F00B67378 /* Assets.xcassets */,
				6FD7603B215A0A1F00B67378 /* LaunchScreen.storyboard */,
				6FD7603E215A0A1F00B67378 /* Info.plist */,
				6FD76036215A09D900B67378 /* TheRadioApp.xcdatamodeld */,
			);
			path = TheRadioApp;
			sourceTree = "<group>";
		};
		6FD76046215A0A2200B67378 /* TheRadioAppTests */ = {
			isa = PBXGroup;
			children = (
				6FD76047215A0A2200B67378 /* TheRadioAppTests.swift */,
				6FD76049215A0A2200B67378 /* Info.plist */,
			);
			path = TheRadioAppTests;
			sourceTree = "<group>";
		};
		6FD76051215A0A2200B67378 /* TheRadioAppUITests */ = {
			isa = PBXGroup;
			children = (
				6FD76052215A0A2200B67378 /* TheRadioAppUITests.swift */,
				6FD76054215A0A2200B67378 /* Info.plist */,
			);
			path = TheRadioAppUITests;
			sourceTree = "<group>";
		};
		7DEF729B284A5657FA2B74FB /* Pods */ = {
			isa = PBXGroup;
			children = (
				814B84BA47A2F24EC4289723 /* Pods-JazzRadio.debug.xcconfig */,
				CE86739F25C7E614FE675726 /* Pods-JazzRadio.release.xcconfig */,
				9C7777A2DB5676C835325CE8 /* Pods-JazzRadioTests.debug.xcconfig */,
				9595D69CD53FB1810A1B27DC /* Pods-JazzRadioTests.release.xcconfig */,
				2E7A8BDDF8B0F0588F23505C /* Pods-JazzRadioUITests.debug.xcconfig */,
				A32D8422FE682B9ED0E5D515 /* Pods-JazzRadioUITests.release.xcconfig */,
			);
			name = Pods;
			sourceTree = "<group>";
		};
		DBFA9786FCC622989E81B74D /* Frameworks */ = {
			isa = PBXGroup;
			children = (
				5A1929132161310100E8BD8F /* Reachability.framework */,
				5A19291121612B7500E8BD8F /* NotificationBannerSwift.framework */,
				5A19290B21611EF200E8BD8F /* ReachabilityLib.framework */,
				5A2920B3215D24E60071E024 /* NVActivityIndicatorView.framework */,
				D2111D422BDA0B7AE7158DED /* Pods_JazzRadio.framework */,
				7B99C922BDDB065F360B2D83 /* Pods_JazzRadioTests.framework */,
				1AA22AF4119ED8C72E16BD44 /* Pods_JazzRadioUITests.framework */,
			);
			name = Frameworks;
			sourceTree = "<group>";
		};
/* End PBXGroup section */

/* Begin PBXNativeTarget section */
		6FD7602B215A09D800B67378 /* JazzRadio */ = {
			isa = PBXNativeTarget;
			buildConfigurationList = 6FD76057215A0A2200B67378 /* Build configuration list for PBXNativeTarget "JazzRadio" */;
			buildPhases = (
				0FCD59332D4F531152E2E282 /* [CP] Check Pods Manifest.lock */,
				6FD76028215A09D800B67378 /* Sources */,
				6FD76029215A09D800B67378 /* Frameworks */,
				6FD7602A215A09D800B67378 /* Resources */,
				B4467F2AD56C32BB5F48D0AA /* [CP] Embed Pods Frameworks */,
			);
			buildRules = (
			);
			dependencies = (
			);
			name = JazzRadio;
			productName = TheRadioApp;
			productReference = 6FD7602C215A09D800B67378 /* JazzRadio.app */;
			productType = "com.apple.product-type.application";
		};
		6FD76042215A0A2200B67378 /* JazzRadioTests */ = {
			isa = PBXNativeTarget;
			buildConfigurationList = 6FD7605A215A0A2200B67378 /* Build configuration list for PBXNativeTarget "JazzRadioTests" */;
			buildPhases = (
				2F802DC95F41F44EA29E9D69 /* [CP] Check Pods Manifest.lock */,
				6FD7603F215A0A2200B67378 /* Sources */,
				6FD76040215A0A2200B67378 /* Frameworks */,
				6FD76041215A0A2200B67378 /* Resources */,
			);
			buildRules = (
			);
			dependencies = (
				6FD76045215A0A2200B67378 /* PBXTargetDependency */,
			);
			name = JazzRadioTests;
			productName = TheRadioAppTests;
			productReference = 6FD76043215A0A2200B67378 /* JazzRadioTests.xctest */;
			productType = "com.apple.product-type.bundle.unit-test";
		};
		6FD7604D215A0A2200B67378 /* JazzRadioUITests */ = {
			isa = PBXNativeTarget;
			buildConfigurationList = 6FD7605D215A0A2200B67378 /* Build configuration list for PBXNativeTarget "JazzRadioUITests" */;
			buildPhases = (
				A254C27F9E61D95E57B2BAEA /* [CP] Check Pods Manifest.lock */,
				6FD7604A215A0A2200B67378 /* Sources */,
				6FD7604B215A0A2200B67378 /* Frameworks */,
				6FD7604C215A0A2200B67378 /* Resources */,
			);
			buildRules = (
			);
			dependencies = (
				6FD76050215A0A2200B67378 /* PBXTargetDependency */,
			);
			name = JazzRadioUITests;
			productName = TheRadioAppUITests;
			productReference = 6FD7604E215A0A2200B67378 /* JazzRadioUITests.xctest */;
			productType = "com.apple.product-type.bundle.ui-testing";
		};
/* End PBXNativeTarget section */

/* Begin PBXProject section */
		6FD76024215A09D700B67378 /* Project object */ = {
			isa = PBXProject;
			attributes = {
				LastSwiftUpdateCheck = 1000;
				LastUpgradeCheck = 1000;
				ORGANIZATIONNAME = TechTonic;
				TargetAttributes = {
					6FD7602B215A09D800B67378 = {
						CreatedOnToolsVersion = 10.0;
						SystemCapabilities = {
							com.apple.BackgroundModes = {
								enabled = 1;
							};
						};
					};
					6FD76042215A0A2200B67378 = {
						CreatedOnToolsVersion = 10.0;
						TestTargetID = 6FD7602B215A09D800B67378;
					};
					6FD7604D215A0A2200B67378 = {
						CreatedOnToolsVersion = 10.0;
						TestTargetID = 6FD7602B215A09D800B67378;
					};
				};
			};
			buildConfigurationList = 6FD76027215A09D700B67378 /* Build configuration list for PBXProject "JazzRadio" */;
			compatibilityVersion = "Xcode 9.3";
			developmentRegion = en;
			hasScannedForEncodings = 0;
			knownRegions = (
				en,
				Base,
			);
			mainGroup = 6FD76023215A09D700B67378;
			productRefGroup = 6FD7602D215A09D800B67378 /* Products */;
			projectDirPath = "";
			projectRoot = "";
			targets = (
				6FD7602B215A09D800B67378 /* JazzRadio */,
				6FD76042215A0A2200B67378 /* JazzRadioTests */,
				6FD7604D215A0A2200B67378 /* JazzRadioUITests */,
			);
		};
/* End PBXProject section */

/* Begin PBXResourcesBuildPhase section */
		6FD7602A215A09D800B67378 /* Resources */ = {
			isa = PBXResourcesBuildPhase;
			buildActionMask = 2147483647;
			files = (
				6FD7603D215A0A1F00B67378 /* LaunchScreen.storyboard in Resources */,
				6FD7603A215A0A1F00B67378 /* Assets.xcassets in Resources */,
				6FD76035215A09D800B67378 /* Main.storyboard in Resources */,
				5A2920BB215D37120071E024 /* JazzList.plist in Resources */,
			);
			runOnlyForDeploymentPostprocessing = 0;
		};
		6FD76041215A0A2200B67378 /* Resources */ = {
			isa = PBXResourcesBuildPhase;
			buildActionMask = 2147483647;
			files = (
			);
			runOnlyForDeploymentPostprocessing = 0;
		};
		6FD7604C215A0A2200B67378 /* Resources */ = {
			isa = PBXResourcesBuildPhase;
			buildActionMask = 2147483647;
			files = (
			);
			runOnlyForDeploymentPostprocessing = 0;
		};
/* End PBXResourcesBuildPhase section */

/* Begin PBXShellScriptBuildPhase section */
		0FCD59332D4F531152E2E282 /* [CP] Check Pods Manifest.lock */ = {
			isa = PBXShellScriptBuildPhase;
			buildActionMask = 2147483647;
			files = (
			);
			inputPaths = (
				"${PODS_PODFILE_DIR_PATH}/Podfile.lock",
				"${PODS_ROOT}/Manifest.lock",
			);
			name = "[CP] Check Pods Manifest.lock";
			outputPaths = (
				"$(DERIVED_FILE_DIR)/Pods-JazzRadio-checkManifestLockResult.txt",
			);
			runOnlyForDeploymentPostprocessing = 0;
			shellPath = /bin/sh;
			shellScript = "diff \"${PODS_PODFILE_DIR_PATH}/Podfile.lock\" \"${PODS_ROOT}/Manifest.lock\" > /dev/null\nif [ $? != 0 ] ; then\n    # print error to STDERR\n    echo \"error: The sandbox is not in sync with the Podfile.lock. Run 'pod install' or update your CocoaPods installation.\" >&2\n    exit 1\nfi\n# This output is used by Xcode 'outputs' to avoid re-running this script phase.\necho \"SUCCESS\" > \"${SCRIPT_OUTPUT_FILE_0}\"\n";
			showEnvVarsInLog = 0;
		};
		2F802DC95F41F44EA29E9D69 /* [CP] Check Pods Manifest.lock */ = {
			isa = PBXShellScriptBuildPhase;
			buildActionMask = 2147483647;
			files = (
			);
			inputPaths = (
				"${PODS_PODFILE_DIR_PATH}/Podfile.lock",
				"${PODS_ROOT}/Manifest.lock",
			);
			name = "[CP] Check Pods Manifest.lock";
			outputPaths = (
				"$(DERIVED_FILE_DIR)/Pods-JazzRadioTests-checkManifestLockResult.txt",
			);
			runOnlyForDeploymentPostprocessing = 0;
			shellPath = /bin/sh;
			shellScript = "diff \"${PODS_PODFILE_DIR_PATH}/Podfile.lock\" \"${PODS_ROOT}/Manifest.lock\" > /dev/null\nif [ $? != 0 ] ; then\n    # print error to STDERR\n    echo \"error: The sandbox is not in sync with the Podfile.lock. Run 'pod install' or update your CocoaPods installation.\" >&2\n    exit 1\nfi\n# This output is used by Xcode 'outputs' to avoid re-running this script phase.\necho \"SUCCESS\" > \"${SCRIPT_OUTPUT_FILE_0}\"\n";
			showEnvVarsInLog = 0;
		};
		A254C27F9E61D95E57B2BAEA /* [CP] Check Pods Manifest.lock */ = {
			isa = PBXShellScriptBuildPhase;
			buildActionMask = 2147483647;
			files = (
			);
			inputPaths = (
				"${PODS_PODFILE_DIR_PATH}/Podfile.lock",
				"${PODS_ROOT}/Manifest.lock",
			);
			name = "[CP] Check Pods Manifest.lock";
			outputPaths = (
				"$(DERIVED_FILE_DIR)/Pods-JazzRadioUITests-checkManifestLockResult.txt",
			);
			runOnlyForDeploymentPostprocessing = 0;
			shellPath = /bin/sh;
			shellScript = "diff \"${PODS_PODFILE_DIR_PATH}/Podfile.lock\" \"${PODS_ROOT}/Manifest.lock\" > /dev/null\nif [ $? != 0 ] ; then\n    # print error to STDERR\n    echo \"error: The sandbox is not in sync with the Podfile.lock. Run 'pod install' or update your CocoaPods installation.\" >&2\n    exit 1\nfi\n# This output is used by Xcode 'outputs' to avoid re-running this script phase.\necho \"SUCCESS\" > \"${SCRIPT_OUTPUT_FILE_0}\"\n";
			showEnvVarsInLog = 0;
		};
		B4467F2AD56C32BB5F48D0AA /* [CP] Embed Pods Frameworks */ = {
			isa = PBXShellScriptBuildPhase;
			buildActionMask = 2147483647;
			files = (
			);
			inputPaths = (
				"${SRCROOT}/Pods/Target Support Files/Pods-JazzRadio/Pods-JazzRadio-frameworks.sh",
				"${BUILT_PRODUCTS_DIR}/NVActivityIndicatorView/NVActivityIndicatorView.framework",
				"${BUILT_PRODUCTS_DIR}/ReachabilitySwift/Reachability.framework",
			);
			name = "[CP] Embed Pods Frameworks";
			outputPaths = (
				"${TARGET_BUILD_DIR}/${FRAMEWORKS_FOLDER_PATH}/NVActivityIndicatorView.framework",
				"${TARGET_BUILD_DIR}/${FRAMEWORKS_FOLDER_PATH}/Reachability.framework",
			);
			runOnlyForDeploymentPostprocessing = 0;
			shellPath = /bin/sh;
			shellScript = "\"${SRCROOT}/Pods/Target Support Files/Pods-JazzRadio/Pods-JazzRadio-frameworks.sh\"\n";
			showEnvVarsInLog = 0;
		};
/* End PBXShellScriptBuildPhase section */

/* Begin PBXSourcesBuildPhase section */
		6FD76028215A09D800B67378 /* Sources */ = {
			isa = PBXSourcesBuildPhase;
			buildActionMask = 2147483647;
			files = (
				5A19290E21611F4C00E8BD8F /* InternetConnectiviy.swift in Sources */,
				5A13A9DE215A92C20077CC37 /* AnimationFrames.swift in Sources */,
				5A2920BD215D38E20071E024 /* JazzListTableViewCell.swift in Sources */,
				5A13A9DC215A7FE40077CC37 /* HomeFn.swift in Sources */,
				6FD76038215A09D900B67378 /* TheRadioApp.xcdatamodeld in Sources */,
				6FD76032215A09D800B67378 /* HomeViewController.swift in Sources */,
				6FD76030215A09D800B67378 /* AppDelegate.swift in Sources */,
				5A192910216121FE00E8BD8F /* AlertClass.swift in Sources */,
				5A2920B8215D32280071E024 /* JazzListViewController.swift in Sources */,
			);
			runOnlyForDeploymentPostprocessing = 0;
		};
		6FD7603F215A0A2200B67378 /* Sources */ = {
			isa = PBXSourcesBuildPhase;
			buildActionMask = 2147483647;
			files = (
				6FD76048215A0A2200B67378 /* TheRadioAppTests.swift in Sources */,
			);
			runOnlyForDeploymentPostprocessing = 0;
		};
		6FD7604A215A0A2200B67378 /* Sources */ = {
			isa = PBXSourcesBuildPhase;
			buildActionMask = 2147483647;
			files = (
				6FD76053215A0A2200B67378 /* TheRadioAppUITests.swift in Sources */,
			);
			runOnlyForDeploymentPostprocessing = 0;
		};
/* End PBXSourcesBuildPhase section */

/* Begin PBXTargetDependency section */
		6FD76045215A0A2200B67378 /* PBXTargetDependency */ = {
			isa = PBXTargetDependency;
			target = 6FD7602B215A09D800B67378 /* JazzRadio */;
			targetProxy = 6FD76044215A0A2200B67378 /* PBXContainerItemProxy */;
		};
		6FD76050215A0A2200B67378 /* PBXTargetDependency */ = {
			isa = PBXTargetDependency;
			target = 6FD7602B215A09D800B67378 /* JazzRadio */;
			targetProxy = 6FD7604F215A0A2200B67378 /* PBXContainerItemProxy */;
		};
/* End PBXTargetDependency section */

/* Begin PBXVariantGroup section */
		6FD76033215A09D800B67378 /* Main.storyboard */ = {
			isa = PBXVariantGroup;
			children = (
				6FD76034215A09D800B67378 /* Base */,
			);
			name = Main.storyboard;
			sourceTree = "<group>";
		};
		6FD7603B215A0A1F00B67378 /* LaunchScreen.storyboard */ = {
			isa = PBXVariantGroup;
			children = (
				6FD7603C215A0A1F00B67378 /* Base */,
			);
			name = LaunchScreen.storyboard;
			sourceTree = "<group>";
		};
/* End PBXVariantGroup section */

/* Begin XCBuildConfiguration section */
		6FD76055215A0A2200B67378 /* Debug */ = {
			isa = XCBuildConfiguration;
			buildSettings = {
				ALWAYS_SEARCH_USER_PATHS = NO;
				CLANG_ANALYZER_NONNULL = YES;
				CLANG_ANALYZER_NUMBER_OBJECT_CONVERSION = YES_AGGRESSIVE;
				CLANG_CXX_LANGUAGE_STANDARD = "gnu++14";
				CLANG_CXX_LIBRARY = "libc++";
				CLANG_ENABLE_MODULES = YES;
				CLANG_ENABLE_OBJC_ARC = YES;
				CLANG_ENABLE_OBJC_WEAK = YES;
				CLANG_WARN_BLOCK_CAPTURE_AUTORELEASING = YES;
				CLANG_WARN_BOOL_CONVERSION = YES;
				CLANG_WARN_COMMA = YES;
				CLANG_WARN_CONSTANT_CONVERSION = YES;
				CLANG_WARN_DEPRECATED_OBJC_IMPLEMENTATIONS = YES;
				CLANG_WARN_DIRECT_OBJC_ISA_USAGE = YES_ERROR;
				CLANG_WARN_DOCUMENTATION_COMMENTS = YES;
				CLANG_WARN_EMPTY_BODY = YES;
				CLANG_WARN_ENUM_CONVERSION = YES;
				CLANG_WARN_INFINITE_RECURSION = YES;
				CLANG_WARN_INT_CONVERSION = YES;
				CLANG_WARN_NON_LITERAL_NULL_CONVERSION = YES;
				CLANG_WARN_OBJC_IMPLICIT_RETAIN_SELF = YES;
				CLANG_WARN_OBJC_LITERAL_CONVERSION = YES;
				CLANG_WARN_OBJC_ROOT_CLASS = YES_ERROR;
				CLANG_WARN_RANGE_LOOP_ANALYSIS = YES;
				CLANG_WARN_STRICT_PROTOTYPES = YES;
				CLANG_WARN_SUSPICIOUS_MOVE = YES;
				CLANG_WARN_UNGUARDED_AVAILABILITY = YES_AGGRESSIVE;
				CLANG_WARN_UNREACHABLE_CODE = YES;
				CLANG_WARN__DUPLICATE_METHOD_MATCH = YES;
				CODE_SIGN_IDENTITY = "iPhone Developer";
				COPY_PHASE_STRIP = NO;
				DEBUG_INFORMATION_FORMAT = dwarf;
				ENABLE_STRICT_OBJC_MSGSEND = YES;
				ENABLE_TESTABILITY = YES;
				GCC_C_LANGUAGE_STANDARD = gnu11;
				GCC_DYNAMIC_NO_PIC = NO;
				GCC_NO_COMMON_BLOCKS = YES;
				GCC_OPTIMIZATION_LEVEL = 0;
				GCC_PREPROCESSOR_DEFINITIONS = (
					"DEBUG=1",
					"$(inherited)",
				);
				GCC_WARN_64_TO_32_BIT_CONVERSION = YES;
				GCC_WARN_ABOUT_RETURN_TYPE = YES_ERROR;
				GCC_WARN_UNDECLARED_SELECTOR = YES;
				GCC_WARN_UNINITIALIZED_AUTOS = YES_AGGRESSIVE;
				GCC_WARN_UNUSED_FUNCTION = YES;
				GCC_WARN_UNUSED_VARIABLE = YES;
				IPHONEOS_DEPLOYMENT_TARGET = 12.0;
				MTL_ENABLE_DEBUG_INFO = INCLUDE_SOURCE;
				MTL_FAST_MATH = YES;
				ONLY_ACTIVE_ARCH = YES;
				SDKROOT = iphoneos;
				SWIFT_ACTIVE_COMPILATION_CONDITIONS = DEBUG;
				SWIFT_OPTIMIZATION_LEVEL = "-Onone";
			};
			name = Debug;
		};
		6FD76056215A0A2200B67378 /* Release */ = {
			isa = XCBuildConfiguration;
			buildSettings = {
				ALWAYS_SEARCH_USER_PATHS = NO;
				CLANG_ANALYZER_NONNULL = YES;
				CLANG_ANALYZER_NUMBER_OBJECT_CONVERSION = YES_AGGRESSIVE;
				CLANG_CXX_LANGUAGE_STANDARD = "gnu++14";
				CLANG_CXX_LIBRARY = "libc++";
				CLANG_ENABLE_MODULES = YES;
				CLANG_ENABLE_OBJC_ARC = YES;
				CLANG_ENABLE_OBJC_WEAK = YES;
				CLANG_WARN_BLOCK_CAPTURE_AUTORELEASING = YES;
				CLANG_WARN_BOOL_CONVERSION = YES;
				CLANG_WARN_COMMA = YES;
				CLANG_WARN_CONSTANT_CONVERSION = YES;
				CLANG_WARN_DEPRECATED_OBJC_IMPLEMENTATIONS = YES;
				CLANG_WARN_DIRECT_OBJC_ISA_USAGE = YES_ERROR;
				CLANG_WARN_DOCUMENTATION_COMMENTS = YES;
				CLANG_WARN_EMPTY_BODY = YES;
				CLANG_WARN_ENUM_CONVERSION = YES;
				CLANG_WARN_INFINITE_RECURSION = YES;
				CLANG_WARN_INT_CONVERSION = YES;
				CLANG_WARN_NON_LITERAL_NULL_CONVERSION = YES;
				CLANG_WARN_OBJC_IMPLICIT_RETAIN_SELF = YES;
				CLANG_WARN_OBJC_LITERAL_CONVERSION = YES;
				CLANG_WARN_OBJC_ROOT_CLASS = YES_ERROR;
				CLANG_WARN_RANGE_LOOP_ANALYSIS = YES;
				CLANG_WARN_STRICT_PROTOTYPES = YES;
				CLANG_WARN_SUSPICIOUS_MOVE = YES;
				CLANG_WARN_UNGUARDED_AVAILABILITY = YES_AGGRESSIVE;
				CLANG_WARN_UNREACHABLE_CODE = YES;
				CLANG_WARN__DUPLICATE_METHOD_MATCH = YES;
				CODE_SIGN_IDENTITY = "iPhone Developer";
				COPY_PHASE_STRIP = NO;
				DEBUG_INFORMATION_FORMAT = "dwarf-with-dsym";
				ENABLE_NS_ASSERTIONS = NO;
				ENABLE_STRICT_OBJC_MSGSEND = YES;
				GCC_C_LANGUAGE_STANDARD = gnu11;
				GCC_NO_COMMON_BLOCKS = YES;
				GCC_WARN_64_TO_32_BIT_CONVERSION = YES;
				GCC_WARN_ABOUT_RETURN_TYPE = YES_ERROR;
				GCC_WARN_UNDECLARED_SELECTOR = YES;
				GCC_WARN_UNINITIALIZED_AUTOS = YES_AGGRESSIVE;
				GCC_WARN_UNUSED_FUNCTION = YES;
				GCC_WARN_UNUSED_VARIABLE = YES;
				IPHONEOS_DEPLOYMENT_TARGET = 12.0;
				MTL_ENABLE_DEBUG_INFO = NO;
				MTL_FAST_MATH = YES;
				SDKROOT = iphoneos;
				SWIFT_COMPILATION_MODE = wholemodule;
				SWIFT_OPTIMIZATION_LEVEL = "-O";
				VALIDATE_PRODUCT = YES;
			};
			name = Release;
		};
		6FD76058215A0A2200B67378 /* Debug */ = {
			isa = XCBuildConfiguration;
			baseConfigurationReference = 814B84BA47A2F24EC4289723 /* Pods-JazzRadio.debug.xcconfig */;
			buildSettings = {
				ASSETCATALOG_COMPILER_APPICON_NAME = AppIcon;
				CODE_SIGN_STYLE = Automatic;
				DEVELOPMENT_TEAM = RDRMVW96A6;
				INFOPLIST_FILE = TheRadioApp/Info.plist;
				LD_RUNPATH_SEARCH_PATHS = (
					"$(inherited)",
					"@executable_path/Frameworks",
				);
				PRODUCT_BUNDLE_IDENTIFIER = com.TechTonic.TheRadioApp;
				PRODUCT_NAME = "$(TARGET_NAME)";
				SWIFT_VERSION = 4.2;
				TARGETED_DEVICE_FAMILY = "1,2";
			};
			name = Debug;
		};
		6FD76059215A0A2200B67378 /* Release */ = {
			isa = XCBuildConfiguration;
			baseConfigurationReference = CE86739F25C7E614FE675726 /* Pods-JazzRadio.release.xcconfig */;
			buildSettings = {
				ASSETCATALOG_COMPILER_APPICON_NAME = AppIcon;
				CODE_SIGN_STYLE = Automatic;
				DEVELOPMENT_TEAM = RDRMVW96A6;
				INFOPLIST_FILE = TheRadioApp/Info.plist;
				LD_RUNPATH_SEARCH_PATHS = (
					"$(inherited)",
					"@executable_path/Frameworks",
				);
				PRODUCT_BUNDLE_IDENTIFIER = com.TechTonic.TheRadioApp;
				PRODUCT_NAME = "$(TARGET_NAME)";
				SWIFT_VERSION = 4.2;
				TARGETED_DEVICE_FAMILY = "1,2";
			};
			name = Release;
		};
		6FD7605B215A0A2200B67378 /* Debug */ = {
			isa = XCBuildConfiguration;
			baseConfigurationReference = 9C7777A2DB5676C835325CE8 /* Pods-JazzRadioTests.debug.xcconfig */;
			buildSettings = {
				ALWAYS_EMBED_SWIFT_STANDARD_LIBRARIES = YES;
				BUNDLE_LOADER = "$(TEST_HOST)";
				CODE_SIGN_STYLE = Automatic;
				DEVELOPMENT_TEAM = RDRMVW96A6;
				INFOPLIST_FILE = TheRadioAppTests/Info.plist;
				LD_RUNPATH_SEARCH_PATHS = (
					"$(inherited)",
					"@executable_path/Frameworks",
					"@loader_path/Frameworks",
				);
				PRODUCT_BUNDLE_IDENTIFIER = com.TechTonic.TheRadioAppTests;
				PRODUCT_NAME = "$(TARGET_NAME)";
				SWIFT_VERSION = 4.2;
				TARGETED_DEVICE_FAMILY = "1,2";
				TEST_HOST = "$(BUILT_PRODUCTS_DIR)/JazzRadio.app/JazzRadio";
			};
			name = Debug;
		};
		6FD7605C215A0A2200B67378 /* Release */ = {
			isa = XCBuildConfiguration;
			baseConfigurationReference = 9595D69CD53FB1810A1B27DC /* Pods-JazzRadioTests.release.xcconfig */;
			buildSettings = {
				ALWAYS_EMBED_SWIFT_STANDARD_LIBRARIES = YES;
				BUNDLE_LOADER = "$(TEST_HOST)";
				CODE_SIGN_STYLE = Automatic;
				DEVELOPMENT_TEAM = RDRMVW96A6;
				INFOPLIST_FILE = TheRadioAppTests/Info.plist;
				LD_RUNPATH_SEARCH_PATHS = (
					"$(inherited)",
					"@executable_path/Frameworks",
					"@loader_path/Frameworks",
				);
				PRODUCT_BUNDLE_IDENTIFIER = com.TechTonic.TheRadioAppTests;
				PRODUCT_NAME = "$(TARGET_NAME)";
				SWIFT_VERSION = 4.2;
				TARGETED_DEVICE_FAMILY = "1,2";
				TEST_HOST = "$(BUILT_PRODUCTS_DIR)/JazzRadio.app/JazzRadio";
			};
			name = Release;
		};
		6FD7605E215A0A2200B67378 /* Debug */ = {
			isa = XCBuildConfiguration;
			baseConfigurationReference = 2E7A8BDDF8B0F0588F23505C /* Pods-JazzRadioUITests.debug.xcconfig */;
			buildSettings = {
				ALWAYS_EMBED_SWIFT_STANDARD_LIBRARIES = YES;
				CODE_SIGN_STYLE = Automatic;
				DEVELOPMENT_TEAM = RDRMVW96A6;
				INFOPLIST_FILE = TheRadioAppUITests/Info.plist;
				LD_RUNPATH_SEARCH_PATHS = (
					"$(inherited)",
					"@executable_path/Frameworks",
					"@loader_path/Frameworks",
				);
				PRODUCT_BUNDLE_IDENTIFIER = com.TechTonic.TheRadioAppUITests;
				PRODUCT_NAME = "$(TARGET_NAME)";
				SWIFT_VERSION = 4.2;
				TARGETED_DEVICE_FAMILY = "1,2";
				TEST_TARGET_NAME = TheRadioApp;
			};
			name = Debug;
		};
		6FD7605F215A0A2200B67378 /* Release */ = {
			isa = XCBuildConfiguration;
			baseConfigurationReference = A32D8422FE682B9ED0E5D515 /* Pods-JazzRadioUITests.release.xcconfig */;
			buildSettings = {
				ALWAYS_EMBED_SWIFT_STANDARD_LIBRARIES = YES;
				CODE_SIGN_STYLE = Automatic;
				DEVELOPMENT_TEAM = RDRMVW96A6;
				INFOPLIST_FILE = TheRadioAppUITests/Info.plist;
				LD_RUNPATH_SEARCH_PATHS = (
					"$(inherited)",
					"@executable_path/Frameworks",
					"@loader_path/Frameworks",
				);
				PRODUCT_BUNDLE_IDENTIFIER = com.TechTonic.TheRadioAppUITests;
				PRODUCT_NAME = "$(TARGET_NAME)";
				SWIFT_VERSION = 4.2;
				TARGETED_DEVICE_FAMILY = "1,2";
				TEST_TARGET_NAME = TheRadioApp;
			};
			name = Release;
		};
/* End XCBuildConfiguration section */

/* Begin XCConfigurationList section */
		6FD76027215A09D700B67378 /* Build configuration list for PBXProject "JazzRadio" */ = {
			isa = XCConfigurationList;
			buildConfigurations = (
				6FD76055215A0A2200B67378 /* Debug */,
				6FD76056215A0A2200B67378 /* Release */,
			);
			defaultConfigurationIsVisible = 0;
			defaultConfigurationName = Release;
		};
		6FD76057215A0A2200B67378 /* Build configuration list for PBXNativeTarget "JazzRadio" */ = {
			isa = XCConfigurationList;
			buildConfigurations = (
				6FD76058215A0A2200B67378 /* Debug */,
				6FD76059215A0A2200B67378 /* Release */,
			);
			defaultConfigurationIsVisible = 0;
			defaultConfigurationName = Release;
		};
		6FD7605A215A0A2200B67378 /* Build configuration list for PBXNativeTarget "JazzRadioTests" */ = {
			isa = XCConfigurationList;
			buildConfigurations = (
				6FD7605B215A0A2200B67378 /* Debug */,
				6FD7605C215A0A2200B67378 /* Release */,
			);
			defaultConfigurationIsVisible = 0;
			defaultConfigurationName = Release;
		};
		6FD7605D215A0A2200B67378 /* Build configuration list for PBXNativeTarget "JazzRadioUITests" */ = {
			isa = XCConfigurationList;
			buildConfigurations = (
				6FD7605E215A0A2200B67378 /* Debug */,
				6FD7605F215A0A2200B67378 /* Release */,
			);
			defaultConfigurationIsVisible = 0;
			defaultConfigurationName = Release;
		};
/* End XCConfigurationList section */

/* Begin XCVersionGroup section */
		6FD76036215A09D900B67378 /* TheRadioApp.xcdatamodeld */ = {
			isa = XCVersionGroup;
			children = (
				6FD76037215A09D900B67378 /* TheRadioApp.xcdatamodel */,
			);
			currentVersion = 6FD76037215A09D900B67378 /* TheRadioApp.xcdatamodel */;
			path = TheRadioApp.xcdatamodeld;
			sourceTree = "<group>";
			versionGroupType = wrapper.xcdatamodel;
		};
/* End XCVersionGroup section */
	};
	rootObject = 6FD76024215A09D700B67378 /* Project object */;
}
